<?xml version="1.0" encoding="utf-8"?>
<Project ToolsVersion="4.0" xmlns="http://schemas.microsoft.com/developer/msbuild/2003">
  <ItemGroup>
    <Filter Include="Исходные файлы">
      <UniqueIdentifier>{4FC737F1-C7A5-4376-A066-2A32D752A2FF}</UniqueIdentifier>
      <Extensions>cpp;c;cc;cxx;c++;cppm;ixx;def;odl;idl;hpj;bat;asm;asmx</Extensions>
    </Filter>
    <Filter Include="Файлы заголовков">
      <UniqueIdentifier>{93995380-89BD-4b04-88EB-625FBE52EBFB}</UniqueIdentifier>
      <Extensions>h;hh;hpp;hxx;h++;hm;inl;inc;ipp;xsd</Extensions>
    </Filter>
    <Filter Include="Файлы ресурсов">
      <UniqueIdentifier>{67DA6AB6-F800-4c08-8B7A-83BB121AAD01}</UniqueIdentifier>
      <Extensions>rc;ico;cur;bmp;dlg;rc2;rct;bin;rgs;gif;jpg;jpeg;jpe;resx;tiff;tif;png;wav;mfcribbon-ms</Extensions>
    </Filter>
  </ItemGroup>
  <ItemGroup>
    <ClCompile Include="..\woowzengine\LIBS\LUA\lapi.c">
      <Filter>Файлы ресурсов</Filter>
    </ClCompile>
    <ClCompile Include="..\woowzengine\LIBS\LUA\lauxlib.c">
      <Filter>Файлы ресурсов</Filter>
    </ClCompile>
    <ClCompile Include="..\woowzengine\LIBS\LUA\lbaselib.c">
      <Filter>Файлы ресурсов</Filter>
    </ClCompile>
    <ClCompile Include="..\woowzengine\LIBS\LUA\lcode.c">
      <Filter>Файлы ресурсов</Filter>
    </ClCompile>
    <ClCompile Include="..\woowzengine\LIBS\LUA\lcorolib.c">
      <Filter>Файлы ресурсов</Filter>
    </ClCompile>
    <ClCompile Include="..\woowzengine\LIBS\LUA\lctype.c">
      <Filter>Файлы ресурсов</Filter>
    </ClCompile>
    <ClCompile Include="..\woowzengine\LIBS\LUA\ldblib.c">
      <Filter>Файлы ресурсов</Filter>
    </ClCompile>
    <ClCompile Include="..\woowzengine\LIBS\LUA\ldebug.c">
      <Filter>Файлы ресурсов</Filter>
    </ClCompile>
    <ClCompile Include="..\woowzengine\LIBS\LUA\ldo.c">
      <Filter>Файлы ресурсов</Filter>
    </ClCompile>
    <ClCompile Include="..\woowzengine\LIBS\LUA\ldump.c">
      <Filter>Файлы ресурсов</Filter>
    </ClCompile>
    <ClCompile Include="..\woowzengine\LIBS\LUA\lfunc.c">
      <Filter>Файлы ресурсов</Filter>
    </ClCompile>
    <ClCompile Include="..\woowzengine\LIBS\LUA\lgc.c">
      <Filter>Файлы ресурсов</Filter>
    </ClCompile>
    <ClCompile Include="..\woowzengine\LIBS\LUA\linit.c">
      <Filter>Файлы ресурсов</Filter>
    </ClCompile>
    <ClCompile Include="..\woowzengine\LIBS\LUA\liolib.c">
      <Filter>Файлы ресурсов</Filter>
    </ClCompile>
    <ClCompile Include="..\woowzengine\LIBS\LUA\llex.c">
      <Filter>Файлы ресурсов</Filter>
    </ClCompile>
    <ClCompile Include="..\woowzengine\LIBS\LUA\lmathlib.c">
      <Filter>Файлы ресурсов</Filter>
    </ClCompile>
    <ClCompile Include="..\woowzengine\LIBS\LUA\lmem.c">
      <Filter>Файлы ресурсов</Filter>
    </ClCompile>
    <ClCompile Include="..\woowzengine\LIBS\LUA\loadlib.c">
      <Filter>Файлы ресурсов</Filter>
    </ClCompile>
    <ClCompile Include="..\woowzengine\LIBS\LUA\lobject.c">
      <Filter>Файлы ресурсов</Filter>
    </ClCompile>
    <ClCompile Include="..\woowzengine\LIBS\LUA\lopcodes.c">
      <Filter>Файлы ресурсов</Filter>
    </ClCompile>
    <ClCompile Include="..\woowzengine\LIBS\LUA\loslib.c">
      <Filter>Файлы ресурсов</Filter>
    </ClCompile>
    <ClCompile Include="..\woowzengine\LIBS\LUA\lparser.c">
      <Filter>Файлы ресурсов</Filter>
    </ClCompile>
    <ClCompile Include="..\woowzengine\LIBS\LUA\lstate.c">
      <Filter>Файлы ресурсов</Filter>
    </ClCompile>
    <ClCompile Include="..\woowzengine\LIBS\LUA\lstring.c">
      <Filter>Файлы ресурсов</Filter>
    </ClCompile>
    <ClCompile Include="..\woowzengine\LIBS\LUA\lstrlib.c">
      <Filter>Файлы ресурсов</Filter>
    </ClCompile>
    <ClCompile Include="..\woowzengine\LIBS\LUA\ltable.c">
      <Filter>Файлы ресурсов</Filter>
    </ClCompile>
    <ClCompile Include="..\woowzengine\LIBS\LUA\ltablib.c">
      <Filter>Файлы ресурсов</Filter>
    </ClCompile>
    <ClCompile Include="..\woowzengine\LIBS\LUA\ltm.c">
      <Filter>Файлы ресурсов</Filter>
    </ClCompile>
    <ClCompile Include="..\woowzengine\LIBS\LUA\lua.c">
      <Filter>Файлы ресурсов</Filter>
    </ClCompile>
    <ClCompile Include="..\woowzengine\LIBS\LUA\lundump.c">
      <Filter>Файлы ресурсов</Filter>
    </ClCompile>
    <ClCompile Include="..\woowzengine\LIBS\LUA\lutf8lib.c">
      <Filter>Файлы ресурсов</Filter>
    </ClCompile>
    <ClCompile Include="..\woowzengine\LIBS\LUA\lvm.c">
      <Filter>Файлы ресурсов</Filter>
    </ClCompile>
    <ClCompile Include="..\woowzengine\LIBS\LUA\lzio.c">
      <Filter>Файлы ресурсов</Filter>
    </ClCompile>
  </ItemGroup>
  <ItemGroup>
    <ClInclude Include="..\woowzengine\LIBS\LUA\lzio.h">
      <Filter>Исходные файлы</Filter>
    </ClInclude>
    <ClInclude Include="..\woowzengine\LIBS\LUA\lvm.h">
      <Filter>Исходные файлы</Filter>
    </ClInclude>
    <ClInclude Include="..\woowzengine\LIBS\LUA\lundump.h">
      <Filter>Исходные файлы</Filter>
    </ClInclude>
    <ClInclude Include="..\woowzengine\LIBS\LUA\lualib.h">
      <Filter>Исходные файлы</Filter>
    </ClInclude>
    <ClInclude Include="..\woowzengine\LIBS\LUA\luaconf.h">
      <Filter>Исходные файлы</Filter>
    </ClInclude>
    <ClInclude Include="..\woowzengine\LIBS\LUA\lua.hpp">
      <Filter>Исходные файлы</Filter>
    </ClInclude>
    <ClInclude Include="..\woowzengine\LIBS\LUA\lua.h">
      <Filter>Исходные файлы</Filter>
    </ClInclude>
    <ClInclude Include="..\woowzengine\LIBS\LUA\ltm.h">
      <Filter>Исходные файлы</Filter>
    </ClInclude>
    <ClInclude Include="..\woowzengine\LIBS\LUA\ltable.h">
      <Filter>Исходные файлы</Filter>
    </ClInclude>
    <ClInclude Include="..\woowzengine\LIBS\LUA\lstring.h">
      <Filter>Исходные файлы</Filter>
    </ClInclude>
    <ClInclude Include="..\woowzengine\LIBS\LUA\lstate.h">
      <Filter>Исходные файлы</Filter>
    </ClInclude>
    <ClInclude Include="..\woowzengine\LIBS\LUA\lprefix.h">
      <Filter>Исходные файлы</Filter>
    </ClInclude>
    <ClInclude Include="..\woowzengine\LIBS\LUA\lparser.h">
      <Filter>Исходные файлы</Filter>
    </ClInclude>
    <ClInclude Include="..\woowzengine\LIBS\LUA\lopnames.h">
      <Filter>Исходные файлы</Filter>
    </ClInclude>
    <ClInclude Include="..\woowzengine\LIBS\LUA\lopcodes.h">
      <Filter>Исходные файлы</Filter>
    </ClInclude>
    <ClInclude Include="..\woowzengine\LIBS\LUA\lobject.h">
      <Filter>Исходные файлы</Filter>
    </ClInclude>
    <ClInclude Include="..\woowzengine\LIBS\LUA\lmem.h">
      <Filter>Исходные файлы</Filter>
    </ClInclude>
    <ClInclude Include="..\woowzengine\LIBS\LUA\llimits.h">
      <Filter>Исходные файлы</Filter>
    </ClInclude>
    <ClInclude Include="..\woowzengine\LIBS\LUA\llex.h">
      <Filter>Исходные файлы</Filter>
    </ClInclude>
    <ClInclude Include="..\woowzengine\LIBS\LUA\ljumptab.h">
      <Filter>Исходные файлы</Filter>
    </ClInclude>
    <ClInclude Include="..\woowzengine\LIBS\LUA\lgc.h">
      <Filter>Исходные файлы</Filter>
    </ClInclude>
    <ClInclude Include="..\woowzengine\LIBS\LUA\lfunc.h">
      <Filter>Исходные файлы</Filter>
    </ClInclude>
    <ClInclude Include="..\woowzengine\LIBS\LUA\ldo.h">
      <Filter>Исходные файлы</Filter>
    </ClInclude>
    <ClInclude Include="..\woowzengine\LIBS\LUA\ldebug.h">
      <Filter>Исходные файлы</Filter>
    </ClInclude>
    <ClInclude Include="..\woowzengine\LIBS\LUA\lctype.h">
      <Filter>Исходные файлы</Filter>
    </ClInclude>
    <ClInclude Include="..\woowzengine\LIBS\LUA\lcode.h">
      <Filter>Исходные файлы</Filter>
    </ClInclude>
    <ClInclude Include="..\woowzengine\LIBS\LUA\lauxlib.h">
      <Filter>Исходные файлы</Filter>
    </ClInclude>
    <ClInclude Include="..\woowzengine\LIBS\LUA\lapi.h">
      <Filter>Исходные файлы</Filter>
    </ClInclude>
  </ItemGroup>
</Project>