
Microsoft Visual Studio Solution File, Format Version 12.00
# Visual Studio Version 17
VisualStudioVersion = 17.9.34728.123
MinimumVisualStudioVersion = 10.0.40219.1
Project("{8BC9CEB8-8B4A-11D0-8D11-00A0C91BC942}") = "woowzengine", "woowzengine.vcxproj", "{2E7F0854-7F3D-48AA-B2AF-C4EDCAD8E370}"
	ProjectSection(ProjectDependencies) = postProject
		{64314463-A0DB-4690-8588-414D19DC55B3} = {64314463-A0DB-4690-8588-414D19DC55B3}
	EndProjectSection
EndProject
Project("{8BC9CEB8-8B4A-11D0-8D11-00A0C91BC942}") = "Lua", "..\Lua\Lua.vcxproj", "{64314463-A0DB-4690-8588-414D19DC55B3}"
EndProject
Global
	GlobalSection(SolutionConfigurationPlatforms) = preSolution
		Debug|x64 = Debug|x64
		Release|x64 = Release|x64
	EndGlobalSection
	GlobalSection(ProjectConfigurationPlatforms) = postSolution
		{2E7F0854-7F3D-48AA-B2AF-C4EDCAD8E370}.Debug|x64.ActiveCfg = Release|x64
		{2E7F0854-7F3D-48AA-B2AF-C4EDCAD8E370}.Debug|x64.Build.0 = Release|x64
		{2E7F0854-7F3D-48AA-B2AF-C4EDCAD8E370}.Release|x64.ActiveCfg = Release|x64
		{2E7F0854-7F3D-48AA-B2AF-C4EDCAD8E370}.Release|x64.Build.0 = Release|x64
		{64314463-A0DB-4690-8588-414D19DC55B3}.Debug|x64.ActiveCfg = Release|x64
		{64314463-A0DB-4690-8588-414D19DC55B3}.Debug|x64.Build.0 = Release|x64
		{64314463-A0DB-4690-8588-414D19DC55B3}.Release|x64.ActiveCfg = Release|x64
		{64314463-A0DB-4690-8588-414D19DC55B3}.Release|x64.Build.0 = Release|x64
	EndGlobalSection
	GlobalSection(SolutionProperties) = preSolution
		HideSolutionNode = FALSE
	EndGlobalSection
	GlobalSection(ExtensibilityGlobals) = postSolution
		SolutionGuid = {D8676EEE-C53F-4359-980D-518C6E9B9CA7}
	EndGlobalSection
EndGlobal
