<?xml version="1.0" encoding="utf-8"?>
<Project ToolsVersion="4.0" xmlns="http://schemas.microsoft.com/developer/msbuild/2003">
  <ItemGroup>
    <Filter Include="Исходные файлы">
      <UniqueIdentifier>{4FC737F1-C7A5-4376-A066-2A32D752A2FF}</UniqueIdentifier>
      <Extensions>cpp;c;cc;cxx;c++;cppm;ixx;def;odl;idl;hpj;bat;asm;asmx</Extensions>
    </Filter>
    <Filter Include="Файлы заголовков">
      <UniqueIdentifier>{93995380-89BD-4b04-88EB-625FBE52EBFB}</UniqueIdentifier>
      <Extensions>h;hh;hpp;hxx;h++;hm;inl;inc;ipp;xsd</Extensions>
    </Filter>
    <Filter Include="Файлы ресурсов">
      <UniqueIdentifier>{67DA6AB6-F800-4c08-8B7A-83BB121AAD01}</UniqueIdentifier>
      <Extensions>rc;ico;cur;bmp;dlg;rc2;rct;bin;rgs;gif;jpg;jpeg;jpe;resx;tiff;tif;png;wav;mfcribbon-ms</Extensions>
    </Filter>
    <Filter Include="Исходные файлы\BaseComponents">
      <UniqueIdentifier>{4a2ccc3f-b932-48f1-a9aa-11654f2d73b1}</UniqueIdentifier>
    </Filter>
    <Filter Include="Исходные файлы\Elements">
      <UniqueIdentifier>{4eca79b7-337e-45c5-abda-aca16ac44762}</UniqueIdentifier>
    </Filter>
    <Filter Include="Исходные файлы\Elements\Lua">
      <UniqueIdentifier>{892891eb-3103-48e8-bfd3-0e725094f878}</UniqueIdentifier>
    </Filter>
    <Filter Include="Исходные файлы\Other">
      <UniqueIdentifier>{674acadd-c5a7-4731-a91e-dcc1614f9b60}</UniqueIdentifier>
    </Filter>
    <Filter Include="Исходные файлы\Elements\Old">
      <UniqueIdentifier>{13e00c8c-d833-41ab-b0f5-9d6c19f2f455}</UniqueIdentifier>
    </Filter>
    <Filter Include="Исходные файлы\discord-files">
      <UniqueIdentifier>{e83ffe80-3560-4679-a98a-d58970385fd0}</UniqueIdentifier>
    </Filter>
    <Filter Include="Исходные файлы\lib">
      <UniqueIdentifier>{ed92538e-86cd-4267-89e6-e4598e0487f3}</UniqueIdentifier>
    </Filter>
  </ItemGroup>
  <ItemGroup>
    <ClCompile Include="Source.cpp">
      <Filter>Исходные файлы</Filter>
    </ClCompile>
    <ClCompile Include="OpenGame.cpp">
      <Filter>Исходные файлы</Filter>
    </ClCompile>
    <ClCompile Include="Base.cpp">
      <Filter>Исходные файлы</Filter>
    </ClCompile>
    <ClCompile Include="Console.cpp">
      <Filter>Исходные файлы\BaseComponents</Filter>
    </ClCompile>
    <ClCompile Include="Files.cpp">
      <Filter>Исходные файлы\BaseComponents</Filter>
    </ClCompile>
    <ClCompile Include="Easyer.cpp">
      <Filter>Исходные файлы\BaseComponents</Filter>
    </ClCompile>
    <ClCompile Include="Logger.cpp">
      <Filter>Исходные файлы\BaseComponents</Filter>
    </ClCompile>
    <ClCompile Include="WindowsElements.cpp">
      <Filter>Исходные файлы\BaseComponents</Filter>
    </ClCompile>
    <ClCompile Include="LuaCompile.cpp">
      <Filter>Исходные файлы</Filter>
    </ClCompile>
    <ClCompile Include="GLFW.cpp">
      <Filter>Исходные файлы</Filter>
    </ClCompile>
    <ClCompile Include="RenderElement.h">
      <Filter>Исходные файлы\Elements</Filter>
    </ClCompile>
    <ClCompile Include="Cycles.cpp">
      <Filter>Исходные файлы</Filter>
    </ClCompile>
    <ClCompile Include="LIBS\glad\gl.c">
      <Filter>Исходные файлы\Other</Filter>
    </ClCompile>
    <ClCompile Include="l_Vector3.h">
      <Filter>Исходные файлы\Elements\Lua</Filter>
    </ClCompile>
    <ClCompile Include="Discord.cpp">
      <Filter>Исходные файлы</Filter>
    </ClCompile>
    <ClCompile Include="LIBS\discord-files\achievement_manager.cpp">
      <Filter>Исходные файлы\discord-files</Filter>
    </ClCompile>
    <ClCompile Include="LIBS\discord-files\activity_manager.cpp">
      <Filter>Исходные файлы\discord-files</Filter>
    </ClCompile>
    <ClCompile Include="LIBS\discord-files\application_manager.cpp">
      <Filter>Исходные файлы\discord-files</Filter>
    </ClCompile>
    <ClCompile Include="LIBS\discord-files\core.cpp">
      <Filter>Исходные файлы\discord-files</Filter>
    </ClCompile>
    <ClCompile Include="LIBS\discord-files\image_manager.cpp">
      <Filter>Исходные файлы\discord-files</Filter>
    </ClCompile>
    <ClCompile Include="LIBS\discord-files\lobby_manager.cpp">
      <Filter>Исходные файлы\discord-files</Filter>
    </ClCompile>
    <ClCompile Include="LIBS\discord-files\network_manager.cpp">
      <Filter>Исходные файлы\discord-files</Filter>
    </ClCompile>
    <ClCompile Include="LIBS\discord-files\overlay_manager.cpp">
      <Filter>Исходные файлы\discord-files</Filter>
    </ClCompile>
    <ClCompile Include="LIBS\discord-files\relationship_manager.cpp">
      <Filter>Исходные файлы\discord-files</Filter>
    </ClCompile>
    <ClCompile Include="LIBS\discord-files\storage_manager.cpp">
      <Filter>Исходные файлы\discord-files</Filter>
    </ClCompile>
    <ClCompile Include="LIBS\discord-files\store_manager.cpp">
      <Filter>Исходные файлы\discord-files</Filter>
    </ClCompile>
    <ClCompile Include="LIBS\discord-files\types.cpp">
      <Filter>Исходные файлы\discord-files</Filter>
    </ClCompile>
    <ClCompile Include="LIBS\discord-files\user_manager.cpp">
      <Filter>Исходные файлы\discord-files</Filter>
    </ClCompile>
    <ClCompile Include="LIBS\discord-files\voice_manager.cpp">
      <Filter>Исходные файлы\discord-files</Filter>
    </ClCompile>
    <ClCompile Include="ResourceManager.cpp">
      <Filter>Исходные файлы</Filter>
    </ClCompile>
    <ClCompile Include="SessionInfo.cpp">
      <Filter>Исходные файлы</Filter>
    </ClCompile>
  </ItemGroup>
  <ItemGroup>
    <ClInclude Include="OpenGame.h">
      <Filter>Исходные файлы</Filter>
    </ClInclude>
    <ClInclude Include="Base.h">
      <Filter>Исходные файлы</Filter>
    </ClInclude>
    <ClInclude Include="Console.h">
      <Filter>Исходные файлы\BaseComponents</Filter>
    </ClInclude>
    <ClInclude Include="Files.h">
      <Filter>Исходные файлы\BaseComponents</Filter>
    </ClInclude>
    <ClInclude Include="Easyer.h">
      <Filter>Исходные файлы\BaseComponents</Filter>
    </ClInclude>
    <ClInclude Include="Logger.h">
      <Filter>Исходные файлы\BaseComponents</Filter>
    </ClInclude>
    <ClInclude Include="WindowsElements.h">
      <Filter>Исходные файлы\BaseComponents</Filter>
    </ClInclude>
    <ClInclude Include="LuaCompile.h">
      <Filter>Исходные файлы</Filter>
    </ClInclude>
    <ClInclude Include="GLFW.h">
      <Filter>Исходные файлы</Filter>
    </ClInclude>
    <ClInclude Include="Vector2.h">
      <Filter>Исходные файлы\Elements</Filter>
    </ClInclude>
    <ClInclude Include="Color.h">
      <Filter>Исходные файлы\Elements</Filter>
    </ClInclude>
    <ClInclude Include="Vertex.h">
      <Filter>Исходные файлы\Elements</Filter>
    </ClInclude>
    <ClInclude Include="Texture.h">
      <Filter>Исходные файлы\Elements</Filter>
    </ClInclude>
    <ClInclude Include="Scene.h">
      <Filter>Исходные файлы\Elements</Filter>
    </ClInclude>
    <ClInclude Include="Window.h">
      <Filter>Исходные файлы\Elements</Filter>
    </ClInclude>
    <ClInclude Include="l_Color.h">
      <Filter>Исходные файлы\Elements\Lua</Filter>
    </ClInclude>
    <ClInclude Include="l_Vector2.h">
      <Filter>Исходные файлы\Elements\Lua</Filter>
    </ClInclude>
    <ClInclude Include="l_Vertex.h">
      <Filter>Исходные файлы\Elements\Lua</Filter>
    </ClInclude>
    <ClInclude Include="Cycles.h">
      <Filter>Исходные файлы</Filter>
    </ClInclude>
    <ClInclude Include="l_Sprite.h">
      <Filter>Исходные файлы\Elements\Lua</Filter>
    </ClInclude>
    <ClInclude Include="resource.h">
      <Filter>Файлы заголовков</Filter>
    </ClInclude>
    <ClInclude Include="l_Vector4.h">
      <Filter>Исходные файлы\Elements\Lua</Filter>
    </ClInclude>
    <ClInclude Include="l_Element.h">
      <Filter>Исходные файлы\Elements\Old</Filter>
    </ClInclude>
    <ClInclude Include="Discord.h">
      <Filter>Исходные файлы</Filter>
    </ClInclude>
    <ClInclude Include="LIBS\discord-files\achievement_manager.h">
      <Filter>Исходные файлы\discord-files</Filter>
    </ClInclude>
    <ClInclude Include="LIBS\discord-files\activity_manager.h">
      <Filter>Исходные файлы\discord-files</Filter>
    </ClInclude>
    <ClInclude Include="LIBS\discord-files\application_manager.h">
      <Filter>Исходные файлы\discord-files</Filter>
    </ClInclude>
    <ClInclude Include="LIBS\discord-files\core.h">
      <Filter>Исходные файлы\discord-files</Filter>
    </ClInclude>
    <ClInclude Include="LIBS\discord-files\discord.h">
      <Filter>Исходные файлы\discord-files</Filter>
    </ClInclude>
    <ClInclude Include="LIBS\discord-files\event.h">
      <Filter>Исходные файлы\discord-files</Filter>
    </ClInclude>
    <ClInclude Include="LIBS\discord-files\ffi.h">
      <Filter>Исходные файлы\discord-files</Filter>
    </ClInclude>
    <ClInclude Include="LIBS\discord-files\image_manager.h">
      <Filter>Исходные файлы\discord-files</Filter>
    </ClInclude>
    <ClInclude Include="LIBS\discord-files\lobby_manager.h">
      <Filter>Исходные файлы\discord-files</Filter>
    </ClInclude>
    <ClInclude Include="LIBS\discord-files\network_manager.h">
      <Filter>Исходные файлы\discord-files</Filter>
    </ClInclude>
    <ClInclude Include="LIBS\discord-files\overlay_manager.h">
      <Filter>Исходные файлы\discord-files</Filter>
    </ClInclude>
    <ClInclude Include="LIBS\discord-files\relationship_manager.h">
      <Filter>Исходные файлы\discord-files</Filter>
    </ClInclude>
    <ClInclude Include="LIBS\discord-files\storage_manager.h">
      <Filter>Исходные файлы\discord-files</Filter>
    </ClInclude>
    <ClInclude Include="LIBS\discord-files\store_manager.h">
      <Filter>Исходные файлы\discord-files</Filter>
    </ClInclude>
    <ClInclude Include="LIBS\discord-files\types.h">
      <Filter>Исходные файлы\discord-files</Filter>
    </ClInclude>
    <ClInclude Include="LIBS\discord-files\user_manager.h">
      <Filter>Исходные файлы\discord-files</Filter>
    </ClInclude>
    <ClInclude Include="LIBS\discord-files\voice_manager.h">
      <Filter>Исходные файлы\discord-files</Filter>
    </ClInclude>
    <ClInclude Include="WConst.h">
      <Filter>Исходные файлы</Filter>
    </ClInclude>
    <ClInclude Include="lib\stb_image.h">
      <Filter>Исходные файлы\lib</Filter>
    </ClInclude>
    <ClInclude Include="lib\stb_image_write.h">
      <Filter>Исходные файлы\lib</Filter>
    </ClInclude>
    <ClInclude Include="l_Text.h">
      <Filter>Исходные файлы\Elements\Lua</Filter>
    </ClInclude>
    <ClInclude Include="l_Font.h">
      <Filter>Исходные файлы\Elements\Lua</Filter>
    </ClInclude>
    <ClInclude Include="ResourceManager.h">
      <Filter>Исходные файлы</Filter>
    </ClInclude>
    <ClInclude Include="SessionInfo.h">
      <Filter>Исходные файлы</Filter>
    </ClInclude>
  </ItemGroup>
  <ItemGroup>
    <ResourceCompile Include="woowzengine.rc">
      <Filter>Файлы ресурсов</Filter>
    </ResourceCompile>
  </ItemGroup>
  <ItemGroup>
    <Image Include="..\resources\icon.png">
      <Filter>Файлы ресурсов</Filter>
    </Image>
    <Image Include="..\resources\icon.ico">
      <Filter>Файлы ресурсов</Filter>
    </Image>
    <Image Include="Res\default-font.png">
      <Filter>Файлы ресурсов</Filter>
    </Image>
  </ItemGroup>
  <ItemGroup>
    <None Include="l_Sound.h">
      <Filter>Исходные файлы\Elements\Lua</Filter>
    </None>
  </ItemGroup>
</Project>